# @generated - this file is auto-generated by `mise lock` https://mise.jdx.dev/dev-tools/mise-lock.html

[conda-packages.macos-arm64."_openmp_mutex-4.5-8_kmp_llvm"]
url = "https://conda.anaconda.org/conda-forge/osx-arm64/_openmp_mutex-4.5-8_kmp_llvm.conda"
checksum = "sha256:c7c98ce74f6a7ff25aaa4706d06fa41d63a333add4d697b73aa4d8d2d7ad7651"

[conda-packages.macos-arm64."adwaita-icon-theme-49.0-unix_0"]
url = "https://conda.anaconda.org/conda-forge/noarch/adwaita-icon-theme-49.0-unix_0.conda"
checksum = "sha256:a362b4f5c96a0bf4def96be1a77317e2730af38915eb9bec85e2a92836501ed7"

[conda-packages.macos-arm64."aom-3.14.1-pl5321hf79ea98_2"]
url = "https://conda.anaconda.org/conda-forge/osx-arm64/aom-3.14.1-pl5321hf79ea98_2.conda"
checksum = "sha256:292b3cfab77d5db222b53add0ec3b5e7e5c04ce2cb8cf8a7237cbe0643b3e6c1"

[conda-packages.macos-arm64."atk-1.0-2.38.0-hd03087b_2"]
url = "https://conda.anaconda.org/conda-forge/osx-arm64/atk-1.0-2.38.0-hd03087b_2.conda"
checksum = "sha256:b0747f9b1bc03d1932b4d8c586f39a35ac97e7e72fe6e63f2b2a2472d466f3c1"

[conda-packages.macos-arm64."bzip2-1.0.8-h4e30115_10"]
url = "https://conda.anaconda.org/conda-forge/osx-arm64/bzip2-1.0.8-h4e30115_10.conda"
checksum = "sha256:8ec22f0ba25cbfc2e64d70cf29459eccd7ffdf6436f6a6ff15bbfef799f7d4f6"

[conda-packages.macos-arm64."ca-certificates-2026.7.22-hbd8a1cb_0"]
url = "https://conda.anaconda.org/conda-forge/noarch/ca-certificates-2026.7.22-hbd8a1cb_0.conda"
checksum = "sha256:0a0544cf95f64394fe4959286f5c71f5444ad58feb0602e53becb27448d24da6"

[conda-packages.macos-arm64."cairo-1.18.4-h580cee5_3"]
url = "https://conda.anaconda.org/conda-forge/osx-arm64/cairo-1.18.4-h580cee5_3.conda"
checksum = "sha256:07f86bbc50ff910689afdd8a417df6e329646b9424343f3202e32efda9e08acf"

[conda-packages.macos-arm64."epoxy-1.5.10-hc919400_2"]
url = "https://conda.anaconda.org/conda-forge/osx-arm64/epoxy-1.5.10-hc919400_2.conda"
checksum = "sha256:ba685b87529c95a4bf9de140a33d703d57dc46b036e9586ed26890de65c1c0d5"

[conda-packages.macos-arm64."fftw-3.3.11-nompi_haf1500d_100"]
url = "https://conda.anaconda.org/conda-forge/osx-arm64/fftw-3.3.11-nompi_haf1500d_100.conda"
checksum = "sha256:fc6c507d7c68db156d6c8c5f6a79ca6b34c2a4c0c6222d8d4ecd0e4b97d3fd5e"

[conda-packages.macos-arm64."font-ttf-dejavu-sans-mono-2.37-hab24e00_0"]
url = "https://conda.anaconda.org/conda-forge/noarch/font-ttf-dejavu-sans-mono-2.37-hab24e00_0.tar.bz2"
checksum = "sha256:58d7f40d2940dd0a8aa28651239adbf5613254df0f75789919c4e6762054403b"

[conda-packages.macos-arm64."font-ttf-inconsolata-3.000-h77eed37_0"]
url = "https://conda.anaconda.org/conda-forge/noarch/font-ttf-inconsolata-3.000-h77eed37_0.tar.bz2"
checksum = "sha256:c52a29fdac682c20d252facc50f01e7c2e7ceac52aa9817aaf0bb83f7559ec5c"

[conda-packages.macos-arm64."font-ttf-source-code-pro-2.038-h77eed37_0"]
url = "https://conda.anaconda.org/conda-forge/noarch/font-ttf-source-code-pro-2.038-h77eed37_0.tar.bz2"
checksum = "sha256:00925c8c055a2275614b4d983e1df637245e19058d79fc7dd1a93b8d9fb4b139"

[conda-packages.macos-arm64."font-ttf-ubuntu-0.83-h77eed37_3"]
url = "https://conda.anaconda.org/conda-forge/noarch/font-ttf-ubuntu-0.83-h77eed37_3.conda"
checksum = "sha256:2821ec1dc454bd8b9a31d0ed22a7ce22422c0aef163c59f49dfdf915d0f0ca14"

[conda-packages.macos-arm64."fontconfig-2.18.3-h81aa574_1"]
url = "https://conda.anaconda.org/conda-forge/osx-arm64/fontconfig-2.18.3-h81aa574_1.conda"
checksum = "sha256:004570d35fb0eff73ce3ae49b209a47622d0c2e580dd0dc4c61d59626b386a09"

[conda-packages.macos-arm64.fonts-conda-ecosystem-1-0]
url = "https://conda.anaconda.org/conda-forge/noarch/fonts-conda-ecosystem-1-0.tar.bz2"
checksum = "sha256:a997f2f1921bb9c9d76e6fa2f6b408b7fa549edd349a77639c9fe7a23ea93e61"

[conda-packages.macos-arm64.fonts-conda-forge-1-hc364b38_1]
url = "https://conda.anaconda.org/conda-forge/noarch/fonts-conda-forge-1-hc364b38_1.conda"
checksum = "sha256:54eea8469786bc2291cc40bca5f46438d3e062a399e8f53f013b6a9f50e98333"

[conda-packages.macos-arm64."freetype-2.14.3-hce30654_2"]
url = "https://conda.anaconda.org/conda-forge/osx-arm64/freetype-2.14.3-hce30654_2.conda"
checksum = "sha256:90681f1d0658cb2fd49a074f644eb4774272499290487a4bebb1c4df01d6997b"

[conda-packages.macos-arm64."fribidi-1.0.16-hb001647_2"]
url = "https://conda.anaconda.org/conda-forge/osx-arm64/fribidi-1.0.16-hb001647_2.conda"
checksum = "sha256:aff7bd01037dfbacb0661ef0435a224fe9fcda1d624895fb336107dd68e5bb34"

[conda-packages.macos-arm64."gdk-pixbuf-2.44.8-h5867e2c_2"]
url = "https://conda.anaconda.org/conda-forge/osx-arm64/gdk-pixbuf-2.44.8-h5867e2c_2.conda"
checksum = "sha256:96dcac22eaea2f24b9c92e8be078c3e39058829aa4db2a8103c1a4e85f8925ed"

[conda-packages.macos-arm64."ghostscript-10.07.1-h88bbb40_0"]
url = "https://conda.anaconda.org/conda-forge/osx-arm64/ghostscript-10.07.1-h88bbb40_0.conda"
checksum = "sha256:2582a73712679d92d925c67524cdf0b1b6e16812d6f3b3c93465abdb639382aa"

[conda-packages.macos-arm64."giflib-5.2.2-hd20048c_1"]
url = "https://conda.anaconda.org/conda-forge/osx-arm64/giflib-5.2.2-hd20048c_1.conda"
checksum = "sha256:be9b4cf253c7d3bf20ccc9ff278ea7ec6f144ebbe8fdc9a131d18c35ff49692f"

[conda-packages.macos-arm64."glib-tools-2.88.3-h0d72ea3_3"]
url = "https://conda.anaconda.org/conda-forge/osx-arm64/glib-tools-2.88.3-h0d72ea3_3.conda"
checksum = "sha256:0406a0efb4962231e3ce9f67ab74cb9b2d158d5a996f3b00acd5ceaf0ad78fbb"

[conda-packages.macos-arm64."graphite2-1.3.15-h784d473_1"]
url = "https://conda.anaconda.org/conda-forge/osx-arm64/graphite2-1.3.15-h784d473_1.conda"
checksum = "sha256:471f34a187fdb4f2df33e26f2e471b16c239a5b277903f643d9c3a8c9a9f44ec"

[conda-packages.macos-arm64."graphviz-14.1.2-hec8c438_0"]
url = "https://conda.anaconda.org/conda-forge/osx-arm64/graphviz-14.1.2-hec8c438_0.conda"
checksum = "sha256:755c72d469330265f80a615912a3b522aef6f26cbc52763862b6a3c492fbf97c"

[conda-packages.macos-arm64."gtk3-3.24.52-hc0f3e19_0"]
url = "https://conda.anaconda.org/conda-forge/osx-arm64/gtk3-3.24.52-hc0f3e19_0.conda"
checksum = "sha256:26862a9898054b8552e55e609e5ce73c7ef1eb28bbe6fb87f0b9109d73cd09df"

[conda-packages.macos-arm64."gts-0.7.6-he42f4ea_4"]
url = "https://conda.anaconda.org/conda-forge/osx-arm64/gts-0.7.6-he42f4ea_4.conda"
checksum = "sha256:e0f8c7bc1b9ea62ded78ffa848e37771eeaaaf55b3146580513c7266862043ba"

[conda-packages.macos-arm64."harfbuzz-14.4.0-hce30654_1"]
url = "https://conda.anaconda.org/conda-forge/osx-arm64/harfbuzz-14.4.0-hce30654_1.conda"
checksum = "sha256:c0a81c23a1b09831e46d925b5a32cfaca996ca513b81ad654696fb4288575610"

[conda-packages.macos-arm64."hicolor-icon-theme-0.17-hce30654_3"]
url = "https://conda.anaconda.org/conda-forge/osx-arm64/hicolor-icon-theme-0.17-hce30654_3.conda"
checksum = "sha256:46a4958f2f916c5938f2a6dc0709f78b175ece42f601d79a04e0276d55d25d07"

[conda-packages.macos-arm64."icu-78.3-py310h579977c_2"]
url = "https://conda.anaconda.org/conda-forge/osx-arm64/icu-78.3-py310h579977c_2.conda"
checksum = "sha256:6cdb5dee54c72e56ab189fb3ad33cb28533553d42590e7e831160248f4416a43"

[conda-packages.macos-arm64."imath-3.2.2-h13e8271_0"]
url = "https://conda.anaconda.org/conda-forge/osx-arm64/imath-3.2.2-h13e8271_0.conda"
checksum = "sha256:18986a94213497b9e60880fbbb71c54ac4f34adf948373d8298af8316fab17fc"

[conda-packages.macos-arm64."jasper-4.2.9-hc111fee_2"]
url = "https://conda.anaconda.org/conda-forge/osx-arm64/jasper-4.2.9-hc111fee_2.conda"
checksum = "sha256:b717ed9222e06ee94304aee16c0b205bc40db10b379b04326944cf481cea09a6"

[conda-packages.macos-arm64."lcms2-2.19.1-hce41798_2"]
url = "https://conda.anaconda.org/conda-forge/osx-arm64/lcms2-2.19.1-hce41798_2.conda"
checksum = "sha256:ee92e3ee789881b08a95d254d4dbb54186d31089743eac9bb34df45b33e5b3a2"

[conda-packages.macos-arm64."lerc-4.2.0-h1eee2c3_0"]
url = "https://conda.anaconda.org/conda-forge/osx-arm64/lerc-4.2.0-h1eee2c3_0.conda"
checksum = "sha256:c97aa17d16d2ac332ba9f184e82ce8f72dcb10e9a10c5f299030be2d44e191b9"

[conda-packages.macos-arm64."libavif16-1.4.2-hfc01230_4"]
url = "https://conda.anaconda.org/conda-forge/osx-arm64/libavif16-1.4.2-hfc01230_4.conda"
checksum = "sha256:7146368013999a4b610cc4eaf4dcc518b8119ae5b75ebebdc2a81d087aee3901"

[conda-packages.macos-arm64."libbrotlicommon-1.2.0-h1dcdb26_4"]
url = "https://conda.anaconda.org/conda-forge/osx-arm64/libbrotlicommon-1.2.0-h1dcdb26_4.conda"
checksum = "sha256:8a6e4789a6049dabb41c6fcaf6719232245484d81dfeb199b5abdb95c84c9fc2"

[conda-packages.macos-arm64."libbrotlidec-1.2.0-h5295a6a_4"]
url = "https://conda.anaconda.org/conda-forge/osx-arm64/libbrotlidec-1.2.0-h5295a6a_4.conda"
checksum = "sha256:4e1f5989561de4546209b42c935795a41fa4265e0b670861480f1adffec623a8"

[conda-packages.macos-arm64."libbrotlienc-1.2.0-h2ddc9cb_4"]
url = "https://conda.anaconda.org/conda-forge/osx-arm64/libbrotlienc-1.2.0-h2ddc9cb_4.conda"
checksum = "sha256:4d2da97825b221054a39f492e4dffe361e1931c8381d0367f1e0598a50d02f34"

[conda-packages.macos-arm64."libclang-cpp20.1-20.1.8-default_h675fcf3_17"]
url = "https://conda.anaconda.org/conda-forge/osx-arm64/libclang-cpp20.1-20.1.8-default_h675fcf3_17.conda"
checksum = "sha256:8c40e0eb1cb8d89b014cb46e287cd2f7f34465e825b78cbdd889771a31aa58b3"

[conda-packages.macos-arm64."libcxx-20.1.8-hf598326_3"]
url = "https://conda.anaconda.org/conda-forge/osx-arm64/libcxx-20.1.8-hf598326_3.conda"
checksum = "sha256:3c2c31d0a289a15317340af3c270d6ec1439486763990c2886e97438fae443ef"

[conda-packages.macos-arm64."libcxx-23.1.0-h55c6f16_0"]
url = "https://conda.anaconda.org/conda-forge/osx-arm64/libcxx-23.1.0-h55c6f16_0.conda"
checksum = "sha256:d3e5f0b767964af25ef81edffc002f8e822b1a5c55330da1ae3a857f70c4e4ee"

[conda-packages.macos-arm64."libdav1d7-1.5.4-h74c22ad_4"]
url = "https://conda.anaconda.org/conda-forge/osx-arm64/libdav1d7-1.5.4-h74c22ad_4.conda"
checksum = "sha256:aaa2ef49ed328fba9520cbf2fdadf46fa7487ce38f7bf969625530eff58161ed"

[conda-packages.macos-arm64."libde265-1.1.1-h3feff0a_0"]
url = "https://conda.anaconda.org/conda-forge/osx-arm64/libde265-1.1.1-h3feff0a_0.conda"
checksum = "sha256:38bdf17d4da3e913ace05dc3890363dc85cb39fcfd3aea746e9ad3270763cf69"

[conda-packages.macos-arm64."libdeflate-1.25-he7e0567_1"]
url = "https://conda.anaconda.org/conda-forge/osx-arm64/libdeflate-1.25-he7e0567_1.conda"
checksum = "sha256:d896f4aa4ce4c590c2838678cb1917356fdb461d2a189991c0280c818c362172"

[conda-packages.macos-arm64."libexpat-2.8.1-hf6b4638_1"]
url = "https://conda.anaconda.org/conda-forge/osx-arm64/libexpat-2.8.1-hf6b4638_1.conda"
checksum = "sha256:5af74261101e3c777399c6294b2b5d290e508153268eb2e9ff99c4d69834612f"

[conda-packages.macos-arm64."libffi-3.7.0-h47dc5ef_1"]
url = "https://conda.anaconda.org/conda-forge/osx-arm64/libffi-3.7.0-h47dc5ef_1.conda"
checksum = "sha256:2783389a7b9dda04c62cc54c6bbeb03dd3cef24b3fc642715d02a3fa19464a9a"

[conda-packages.macos-arm64."libfreetype-2.14.3-hce30654_2"]
url = "https://conda.anaconda.org/conda-forge/osx-arm64/libfreetype-2.14.3-hce30654_2.conda"
checksum = "sha256:19ce8bd320414cb6b9889ecbf48a3ded848b0d1068b76ff6bea099bd7387d6f3"

[conda-packages.macos-arm64."libfreetype6-2.14.3-h2ed5691_2"]
url = "https://conda.anaconda.org/conda-forge/osx-arm64/libfreetype6-2.14.3-h2ed5691_2.conda"
checksum = "sha256:d9b203d6484ad491b5b5f33d49a9d7a91189d776a9adae53d2b63af18ec11e6a"

[conda-packages.macos-arm64."libgcc-16.2.0-h3cf6597_4"]
url = "https://conda.anaconda.org/conda-forge/osx-arm64/libgcc-16.2.0-h3cf6597_4.conda"
checksum = "sha256:00b8d07ea98344c72c6e332a09b8060f4176849d5fd0eb78dd5b30176ad97ca4"

[conda-packages.macos-arm64."libgd-2.3.3-h05bcc79_12"]
url = "https://conda.anaconda.org/conda-forge/osx-arm64/libgd-2.3.3-h05bcc79_12.conda"
checksum = "sha256:269edce527e204a80d3d05673301e0207efcd0dbeebc036a118ceb52690d6341"

[conda-packages.macos-arm64."libgfortran-16.2.0-h07b0088_4"]
url = "https://conda.anaconda.org/conda-forge/osx-arm64/libgfortran-16.2.0-h07b0088_4.conda"
checksum = "sha256:7582efbbffc6964093afd80e01c2ac60d89aa4e404cac664544675b9d4d1c5e7"

[conda-packages.macos-arm64."libgfortran5-16.2.0-hdb7a957_4"]
url = "https://conda.anaconda.org/conda-forge/osx-arm64/libgfortran5-16.2.0-hdb7a957_4.conda"
checksum = "sha256:902719c38c7a390d305435a362dc83893754c3f933569a38347c434cd1c12540"

[conda-packages.macos-arm64."libglib-2.88.3-h81decf1_3"]
url = "https://conda.anaconda.org/conda-forge/osx-arm64/libglib-2.88.3-h81decf1_3.conda"
checksum = "sha256:aad240a33afc71c0c9cefea5304c917c256518e6724cd646d924838fdff1fcb3"

[conda-packages.macos-arm64."libharfbuzz-14.4.0-hcda0f7c_1"]
url = "https://conda.anaconda.org/conda-forge/osx-arm64/libharfbuzz-14.4.0-hcda0f7c_1.conda"
checksum = "sha256:a13bee65e7bcbc14b228351d3d5ba00d0c17c5840c471ab67a28b8ca930456d3"

[conda-packages.macos-arm64."libharfbuzz-devel-14.4.0-hcda0f7c_1"]
url = "https://conda.anaconda.org/conda-forge/osx-arm64/libharfbuzz-devel-14.4.0-hcda0f7c_1.conda"
checksum = "sha256:91d988b496749f7cd5640b283bb3de942c1e8a90d484fd1d14a52fdf103864e3"

[conda-packages.macos-arm64."libheif-1.23.4-gpl_hea44f65_100"]
url = "https://conda.anaconda.org/conda-forge/osx-arm64/libheif-1.23.4-gpl_hea44f65_100.conda"
checksum = "sha256:c649219ffe670f3eebc4d7b316d92de592377577bb543525f79e0227eb9f2e5c"

[conda-packages.macos-arm64."libhwy-1.4.0-hd2bdd19_1"]
url = "https://conda.anaconda.org/conda-forge/osx-arm64/libhwy-1.4.0-hd2bdd19_1.conda"
checksum = "sha256:d965f815878a176fb75329d02718f449230e687e100a081762688f763990abf2"

[conda-packages.macos-arm64."libiconv-1.18-he4c29f2_3"]
url = "https://conda.anaconda.org/conda-forge/osx-arm64/libiconv-1.18-he4c29f2_3.conda"
checksum = "sha256:689a14968267f2f97c07112fca5636e7d756036b9aee969911267c20bd3eea1f"

[conda-packages.macos-arm64."libintl-0.25.1-h493aca8_0"]
url = "https://conda.anaconda.org/conda-forge/osx-arm64/libintl-0.25.1-h493aca8_0.conda"
checksum = "sha256:99d2cebcd8f84961b86784451b010f5f0a795ed1c08f1e7c76fbb3c22abf021a"

[conda-packages.macos-arm64."libjpeg-turbo-3.2.0-h84a0fba_1"]
url = "https://conda.anaconda.org/conda-forge/osx-arm64/libjpeg-turbo-3.2.0-h84a0fba_1.conda"
checksum = "sha256:05006418f9392c9b723e8428808db106de0350a497832f95f921b85ff1072310"

[conda-packages.macos-arm64."libjxl-0.12.0-hb71b141_2"]
url = "https://conda.anaconda.org/conda-forge/osx-arm64/libjxl-0.12.0-hb71b141_2.conda"
checksum = "sha256:1f02661543be1722b619548b5207d6eaceab5bf95983fd6c9487f52bd8246a7a"

[conda-packages.macos-arm64."libllvm20-20.1.8-h8e0c9ce_1"]
url = "https://conda.anaconda.org/conda-forge/osx-arm64/libllvm20-20.1.8-h8e0c9ce_1.conda"
checksum = "sha256:6639cbbde4143b14b666db9dc33beddbf6772317a42d317c8c5162b9524bd24a"

[conda-packages.macos-arm64."liblzma-5.8.3-h8088a28_1"]
url = "https://conda.anaconda.org/conda-forge/osx-arm64/liblzma-5.8.3-h8088a28_1.conda"
checksum = "sha256:23d0630046a3e8b164d8f80f2b74ed2605af2e7050ab9913018056402fae4311"

[conda-packages.macos-arm64."libpng-1.6.58-hf5e6511_1"]
url = "https://conda.anaconda.org/conda-forge/osx-arm64/libpng-1.6.58-hf5e6511_1.conda"
checksum = "sha256:f88da60b348ee1f3e1a9c20fe02142fdafe889f08da0b1cc33c1f3f14460239d"

[conda-packages.macos-arm64."libraw-0.22.2-h2d05ff4_0"]
url = "https://conda.anaconda.org/conda-forge/osx-arm64/libraw-0.22.2-h2d05ff4_0.conda"
checksum = "sha256:e3e654527f10346ca39fe628bb6f81dadf946647e5c081f84703ab654ae15a45"

[conda-packages.macos-arm64."librsvg-2.62.3-he8aa2a2_0"]
url = "https://conda.anaconda.org/conda-forge/osx-arm64/librsvg-2.62.3-he8aa2a2_0.conda"
checksum = "sha256:f5b4fb7b6f13bbfca59613bff2e70b5a398e80727b9d0f814837ffcbc34185e1"

[conda-packages.macos-arm64."libtiff-4.7.2-hf67920b_1"]
url = "https://conda.anaconda.org/conda-forge/osx-arm64/libtiff-4.7.2-hf67920b_1.conda"
checksum = "sha256:847d22a86ae28f66d3888702698254d25bb4eac3a0f64c1fabfb1842ac00be4c"

[conda-packages.macos-arm64."libwebp-base-1.6.0-h202fb40_1"]
url = "https://conda.anaconda.org/conda-forge/osx-arm64/libwebp-base-1.6.0-h202fb40_1.conda"
checksum = "sha256:0ff54650d470c7e54cbeffdd53a8c063e055a7bcf784388c0385ce5c4741b0f4"

[conda-packages.macos-arm64."libxcb-1.17.0-hbffa61f_2"]
url = "https://conda.anaconda.org/conda-forge/osx-arm64/libxcb-1.17.0-hbffa61f_2.conda"
checksum = "sha256:f55c15b66c8ae27d8e30445193acc049b280eb51a47d6f1753bed5ac2937a217"

[conda-packages.macos-arm64."libxml2-16-2.15.4-heb56d2d_0"]
url = "https://conda.anaconda.org/conda-forge/osx-arm64/libxml2-16-2.15.4-heb56d2d_0.conda"
checksum = "sha256:8a26f7c94ab849c1930da36c298f4b82e892382b70ae865cd7274188d9d783e2"

[conda-packages.macos-arm64."libxml2-2.15.4-h550178d_0"]
url = "https://conda.anaconda.org/conda-forge/osx-arm64/libxml2-2.15.4-h550178d_0.conda"
checksum = "sha256:81217fcd4d4abdc69ee63cdb9cdb22e05a20b9ba7a76f596579914a838fe5960"

[conda-packages.macos-arm64."libzip-1.11.2-h1336266_0"]
url = "https://conda.anaconda.org/conda-forge/osx-arm64/libzip-1.11.2-h1336266_0.conda"
checksum = "sha256:507599a77c1ce823c2d3acaefaae4ead0686f183f3980467a4c4b8ba209eff40"

[conda-packages.macos-arm64."libzlib-1.3.2-h8088a28_3"]
url = "https://conda.anaconda.org/conda-forge/osx-arm64/libzlib-1.3.2-h8088a28_3.conda"
checksum = "sha256:a18fa5d5bac452401459f966cf0d872224e8080c4ff93c77e168d43ab42ef9d7"

[conda-packages.macos-arm64."llvm-openmp-23.1.0-hdb3d66b_0"]
url = "https://conda.anaconda.org/conda-forge/osx-arm64/llvm-openmp-23.1.0-hdb3d66b_0.conda"
checksum = "sha256:996d3a9de61c8ccc3fcb265938f9845f11868251f38e6db4e7190de3f9a971a2"

[conda-packages.macos-arm64."llvm-tools-20-20.1.8-h91fd4e7_1"]
url = "https://conda.anaconda.org/conda-forge/osx-arm64/llvm-tools-20-20.1.8-h91fd4e7_1.conda"
checksum = "sha256:97d9c549c34e7e16aff4e719c4e0d12e03cde46249297632dcf770fb86e475d6"

[conda-packages.macos-arm64."openexr-3.4.15-h3105456_0"]
url = "https://conda.anaconda.org/conda-forge/osx-arm64/openexr-3.4.15-h3105456_0.conda"
checksum = "sha256:eaca051eac49700b2d06b3d55fb8c15eb04e641f52959edf47130b90b7e5d919"

[conda-packages.macos-arm64."openjpeg-2.5.4-h4d1e80c_2"]
url = "https://conda.anaconda.org/conda-forge/osx-arm64/openjpeg-2.5.4-h4d1e80c_2.conda"
checksum = "sha256:e71bd04b5d0e39f39a3c039d021d3b76cd65bee3032e7f859ab7082f0ace8be5"

[conda-packages.macos-arm64."openjph-0.31.0-h2a4d681_0"]
url = "https://conda.anaconda.org/conda-forge/osx-arm64/openjph-0.31.0-h2a4d681_0.conda"
checksum = "sha256:853c41f0e041a5c1acce60490ec065e4ca1b43d7b63fbad504980de3a822f719"

[conda-packages.macos-arm64."openssl-3.6.4-h55eecbc_0"]
url = "https://conda.anaconda.org/conda-forge/osx-arm64/openssl-3.6.4-h55eecbc_0.conda"
checksum = "sha256:f23239eacd75c4c50705e68fae1aa3292da473e6a3a4abe2330f1e6afa680704"

[conda-packages.macos-arm64."pango-1.58.2-hf9b25ef_1"]
url = "https://conda.anaconda.org/conda-forge/osx-arm64/pango-1.58.2-hf9b25ef_1.conda"
checksum = "sha256:9ba23103198cffa523488ff583b184ad37eb6d90985d330a683a1039dc917771"

[conda-packages.macos-arm64."pcre2-10.47-he63d830_1"]
url = "https://conda.anaconda.org/conda-forge/osx-arm64/pcre2-10.47-he63d830_1.conda"
checksum = "sha256:f8c415329b542e1fca1ff2917b80e687c18302dfa0353530668b90cb225b494f"

[conda-packages.macos-arm64."pixman-0.46.4-h784d473_3"]
url = "https://conda.anaconda.org/conda-forge/osx-arm64/pixman-0.46.4-h784d473_3.conda"
checksum = "sha256:4779cd57231ce2e96fac643fcbdd4a6f51a57986264545445574e9c4acf526d3"

[conda-packages.macos-arm64."pthread-stubs-0.4-hb001647_1004"]
url = "https://conda.anaconda.org/conda-forge/osx-arm64/pthread-stubs-0.4-hb001647_1004.conda"
checksum = "sha256:3f79452dbda3febaf7053486e4844fa945accf4d74eac4169e2c4d5dc5e4dd0b"

[conda-packages.macos-arm64."rav1e-0.8.1-h8246384_0"]
url = "https://conda.anaconda.org/conda-forge/osx-arm64/rav1e-0.8.1-h8246384_0.conda"
checksum = "sha256:925e35b71fe513e0380ecd2fe137e3f4f248bf7ce4bad96946c7c704b7a50d26"

[conda-packages.macos-arm64."svt-av1-4.2.0-h484c67d_1"]
url = "https://conda.anaconda.org/conda-forge/osx-arm64/svt-av1-4.2.0-h484c67d_1.conda"
checksum = "sha256:9122d11ed85053b1223ea0645aeac0ca583adc7482e60e3266c37e70d5242195"

[conda-packages.macos-arm64."x265-3.5-h55d2f36_4"]
url = "https://conda.anaconda.org/conda-forge/osx-arm64/x265-3.5-h55d2f36_4.conda"
checksum = "sha256:78850cd685004b1c5e41c2dd0a4fd1c9e3dd150279da8d99925832983ba82688"

[conda-packages.macos-arm64."xorg-libice-1.1.2-h1a92334_0"]
url = "https://conda.anaconda.org/conda-forge/osx-arm64/xorg-libice-1.1.2-h1a92334_0.conda"
checksum = "sha256:be24e2ec7ba805fa4cee908ea102b828049f542b6471ec1d8325e17d9c7c89ca"

[conda-packages.macos-arm64."xorg-libsm-1.2.6-h1a92334_1"]
url = "https://conda.anaconda.org/conda-forge/osx-arm64/xorg-libsm-1.2.6-h1a92334_1.conda"
checksum = "sha256:d0dfde0622631aeb7bf875bc601b66a953a3644ff887076d55cebdcf16a6e061"

[conda-packages.macos-arm64."xorg-libx11-1.8.13-hf948f5a_1"]
url = "https://conda.anaconda.org/conda-forge/osx-arm64/xorg-libx11-1.8.13-hf948f5a_1.conda"
checksum = "sha256:a21effeec4dfcc195c44001261c26b51631ca80abfce87059a1f19680f434ba6"

[conda-packages.macos-arm64."xorg-libxau-1.0.12-h84a0fba_2"]
url = "https://conda.anaconda.org/conda-forge/osx-arm64/xorg-libxau-1.0.12-h84a0fba_2.conda"
checksum = "sha256:5c5ea38ceec008e4ff40111fc166b04086fca310b0aa9e5bd46f65e6b0dcb71d"

[conda-packages.macos-arm64."xorg-libxdmcp-1.1.5-h84a0fba_2"]
url = "https://conda.anaconda.org/conda-forge/osx-arm64/xorg-libxdmcp-1.1.5-h84a0fba_2.conda"
checksum = "sha256:2f6915f0897ace4a1b5d66d0463079f7bc9819b0048c03677e47764f0a743499"

[conda-packages.macos-arm64."xorg-libxext-1.3.7-hb001647_1"]
url = "https://conda.anaconda.org/conda-forge/osx-arm64/xorg-libxext-1.3.7-hb001647_1.conda"
checksum = "sha256:17df0f498ae9018958faa52f8b4c171fd01711d25c8ee6a72671741b8047feea"

[conda-packages.macos-arm64."xorg-libxrender-0.9.12-h84a0fba_1"]
url = "https://conda.anaconda.org/conda-forge/osx-arm64/xorg-libxrender-0.9.12-h84a0fba_1.conda"
checksum = "sha256:8a53eecadf1822ad032a86bd6930aac095f5024cceec3c38580d724c89827488"

[conda-packages.macos-arm64."xorg-libxt-1.3.1-hb001647_1"]
url = "https://conda.anaconda.org/conda-forge/osx-arm64/xorg-libxt-1.3.1-hb001647_1.conda"
checksum = "sha256:cf896717611de9608a000664b7020bb56d2ac1298b2222c356756f7f76c5e4fb"

[conda-packages.macos-arm64."zig_impl_osx-arm64-0.15.2-h7e5b153_30"]
url = "https://conda.anaconda.org/conda-forge/osx-arm64/zig_impl_osx-arm64-0.15.2-h7e5b153_30.conda"
checksum = "sha256:5f1a34846eccddcff8fd3ef74f69695df9cdb758b32fb086424f7c4e2ac08808"

[conda-packages.macos-arm64."zig_osx-arm64-0.15.2-h471034f_30"]
url = "https://conda.anaconda.org/conda-forge/osx-arm64/zig_osx-arm64-0.15.2-h471034f_30.conda"
checksum = "sha256:64bd7b6577e65cc29d923a369f686554dc402ff7cad4ff4e22674c6a509b0b0f"

[conda-packages.macos-arm64."zstd-1.5.7-hf451053_7"]
url = "https://conda.anaconda.org/conda-forge/osx-arm64/zstd-1.5.7-hf451053_7.conda"
checksum = "sha256:da867f5092eb0cb746d353694f0098031fd9817a4ce7d5743121209ae0f406ca"

[[tools."aqua:tmux/tmux-builds"]]
version = "3.6b"
backend = "aqua:tmux/tmux-builds"

[tools."aqua:tmux/tmux-builds"."platforms.macos-arm64"]
checksum = "sha256:88323402bd28d21103239caf009b130086ebf334807de485d4a1e1c7188ee810"
url = "https://github.com/tmux/tmux-builds/releases/download/v3.6b/tmux-3.6b-macos-arm64.tar.gz"
url_api = "https://api.github.com/repos/tmux/tmux-builds/releases/assets/425172971"

[[tools."conda:imagemagick"]]
version = "7.1.2_31"
backend = "conda:imagemagick"

[tools."conda:imagemagick".options]
channel = "conda-forge"

[tools."conda:imagemagick"."platforms.macos-arm64"]
checksum = "sha256:a2a80ff9c26b8cf78dda8eddf1256f57f6a75a573c251925829208686a146d61"
url = "https://conda.anaconda.org/conda-forge/osx-arm64/imagemagick-7.1.2_31-agpl_h73069a5_100.conda"
conda_deps = [
    "openexr-3.4.15-h3105456_0",
    "libzip-1.11.2-h1336266_0",
    "librsvg-2.62.3-he8aa2a2_0",
    "libraw-0.22.2-h2d05ff4_0",
    "graphviz-14.1.2-hec8c438_0",
    "fonts-conda-ecosystem-1-0",
    "openjph-0.31.0-h2a4d681_0",
    "fftw-3.3.11-nompi_haf1500d_100",
    "fontconfig-2.18.3-h81aa574_1",
    "libintl-0.25.1-h493aca8_0",
    "fonts-conda-forge-1-hc364b38_1",
    "font-ttf-dejavu-sans-mono-2.37-hab24e00_0",
    "giflib-5.2.2-hd20048c_1",
    "lcms2-2.19.1-hce41798_2",
    "libjpeg-turbo-3.2.0-h84a0fba_1",
    "libjxl-0.12.0-hb71b141_2",
    "liblzma-5.8.3-h8088a28_1",
    "libpng-1.6.58-hf5e6511_1",
    "libtiff-4.7.2-hf67920b_1",
    "lerc-4.2.0-h1eee2c3_0",
    "libwebp-base-1.6.0-h202fb40_1",
    "libzlib-1.3.2-h8088a28_3",
    "pango-1.58.2-hf9b25ef_1",
    "xorg-libx11-1.8.13-hf948f5a_1",
    "xorg-libxext-1.3.7-hb001647_1",
    "xorg-libxrender-0.9.12-h84a0fba_1",
    "xorg-libxt-1.3.1-hb001647_1",
    "bzip2-1.0.8-h4e30115_10",
    "ghostscript-10.07.1-h88bbb40_0",
    "libcxx-23.1.0-h55c6f16_0",
    "libglib-2.88.3-h81decf1_3",
    "libheif-1.23.4-gpl_hea44f65_100",
    "libde265-1.1.1-h3feff0a_0",
    "libxml2-2.15.4-h550178d_0",
    "libxml2-16-2.15.4-heb56d2d_0",
    "openjpeg-2.5.4-h4d1e80c_2",
    "libgfortran-16.2.0-h07b0088_4",
    "libgfortran5-16.2.0-hdb7a957_4",
    "libgcc-16.2.0-h3cf6597_4",
    "llvm-openmp-23.1.0-hdb3d66b_0",
    "libexpat-2.8.1-hf6b4638_1",
    "libfreetype-2.14.3-hce30654_2",
    "libfreetype6-2.14.3-h2ed5691_2",
    "font-ttf-ubuntu-0.83-h77eed37_3",
    "font-ttf-inconsolata-3.000-h77eed37_0",
    "font-ttf-source-code-pro-2.038-h77eed37_0",
    "gts-0.7.6-he42f4ea_4",
    "adwaita-icon-theme-49.0-unix_0",
    "cairo-1.18.4-h580cee5_3",
    "gdk-pixbuf-2.44.8-h5867e2c_2",
    "gtk3-3.24.52-hc0f3e19_0",
    "glib-tools-2.88.3-h0d72ea3_3",
    "libgd-2.3.3-h05bcc79_12",
    "libffi-3.7.0-h47dc5ef_1",
    "pcre2-10.47-he63d830_1",
    "libiconv-1.18-he4c29f2_3",
    "aom-3.14.1-pl5321hf79ea98_2",
    "libdav1d7-1.5.4-h74c22ad_4",
    "x265-3.5-h55d2f36_4",
    "libavif16-1.4.2-hfc01230_4",
    "rav1e-0.8.1-h8246384_0",
    "libhwy-1.4.0-hd2bdd19_1",
    "libbrotlienc-1.2.0-h2ddc9cb_4",
    "libbrotlicommon-1.2.0-h1dcdb26_4",
    "libbrotlidec-1.2.0-h5295a6a_4",
    "jasper-4.2.9-hc111fee_2",
    "harfbuzz-14.4.0-hce30654_1",
    "libharfbuzz-devel-14.4.0-hcda0f7c_1",
    "libharfbuzz-14.4.0-hcda0f7c_1",
    "freetype-2.14.3-hce30654_2",
    "libdeflate-1.25-he7e0567_1",
    "zstd-1.5.7-hf451053_7",
    "icu-78.3-py310h579977c_2",
    "openssl-3.6.4-h55eecbc_0",
    "imath-3.2.2-h13e8271_0",
    "fribidi-1.0.16-hb001647_2",
    "libxcb-1.17.0-hbffa61f_2",
    "xorg-libice-1.1.2-h1a92334_0",
    "xorg-libsm-1.2.6-h1a92334_1",
    "hicolor-icon-theme-0.17-hce30654_3",
    "pixman-0.46.4-h784d473_3",
    "atk-1.0-2.38.0-hd03087b_2",
    "epoxy-1.5.10-hc919400_2",
    "svt-av1-4.2.0-h484c67d_1",
    "ca-certificates-2026.7.22-hbd8a1cb_0",
    "graphite2-1.3.15-h784d473_1",
    "xorg-libxau-1.0.12-h84a0fba_2",
    "xorg-libxdmcp-1.1.5-h84a0fba_2",
    "pthread-stubs-0.4-hb001647_1004",
    "_openmp_mutex-4.5-8_kmp_llvm",
]

[[tools."conda:llvm-tools"]]
version = "20.1.8"
backend = "conda:llvm-tools"

[tools."conda:llvm-tools".options]
channel = "conda-forge"

[tools."conda:llvm-tools"."platforms.macos-arm64"]
checksum = "sha256:1f94a0336ac63020b8f8c57dca502cae3238f45e9b4cdd6df1fc06d3837ded5e"
url = "https://conda.anaconda.org/conda-forge/osx-arm64/llvm-tools-20.1.8-h855ad52_1.conda"
conda_deps = [
    "llvm-tools-20-20.1.8-h91fd4e7_1",
    "libllvm20-20.1.8-h8e0c9ce_1",
    "libcxx-23.1.0-h55c6f16_0",
    "libxml2-2.15.4-h550178d_0",
    "libxml2-16-2.15.4-heb56d2d_0",
    "libzlib-1.3.2-h8088a28_3",
    "zstd-1.5.7-hf451053_7",
    "liblzma-5.8.3-h8088a28_1",
    "icu-78.3-py310h579977c_2",
    "libiconv-1.18-he4c29f2_3",
]

[[tools."conda:zig"]]
version = "0.15.2"
backend = "conda:zig"

[tools."conda:zig".options]
channel = "conda-forge"

[tools."conda:zig"."platforms.macos-arm64"]
checksum = "sha256:042d0b38d36789953a27c1a22ad62eb7dc6a6ae97e7692b4626ea354977e7d39"
url = "https://conda.anaconda.org/conda-forge/osx-arm64/zig-0.15.2-hb3190e7_30.conda"
conda_deps = [
    "zig_osx-arm64-0.15.2-h471034f_30",
    "zig_impl_osx-arm64-0.15.2-h7e5b153_30",
    "zstd-1.5.7-hf451053_7",
    "libcxx-20.1.8-hf598326_3",
    "libxml2-2.15.4-h550178d_0",
    "libxml2-16-2.15.4-heb56d2d_0",
    "libllvm20-20.1.8-h8e0c9ce_1",
    "libzlib-1.3.2-h8088a28_3",
    "libclang-cpp20.1-20.1.8-default_h675fcf3_17",
    "liblzma-5.8.3-h8088a28_1",
    "icu-78.3-py310h579977c_2",
    "libiconv-1.18-he4c29f2_3",
]

[[tools.python]]
version = "3.13.13"
backend = "core:python"

[tools.python."platforms.macos-arm64"]
checksum = "sha256:b929647e1ebe243bd8b66c731e102b97dd7bdcc08127f03b7b22997ac4667403"
url = "https://github.com/astral-sh/python-build-standalone/releases/download/20260602/cpython-3.13.13+20260602-aarch64-apple-darwin-install_only_stripped.tar.gz"
provenance = "github-attestations"
