// !$*UTF8*$!
{ archiveVersion = 1; classes = {}; objectVersion = 56; objects = {
000000000000000000000137 = { isa = PBXFileReference; lastKnownFileType = sourcecode.swift; path = Trellis/FilesPanel.swift; sourceTree = "<group>"; };
00000000000000000000019B = { isa = PBXBuildFile; fileRef = 000000000000000000000137; };
000000000000000000000136 = { isa = PBXFileReference; lastKnownFileType = sourcecode.swift; path = Trellis/TerminalLocation.swift; sourceTree = "<group>"; };
00000000000000000000019A = { isa = PBXBuildFile; fileRef = 000000000000000000000136; };
000000000000000000000306 = { isa = PBXFileReference; lastKnownFileType = sourcecode.swift; path = Trellis/PaneDropZone.swift; sourceTree = "<group>"; };
000000000000000000000406 = { isa = PBXBuildFile; fileRef = 000000000000000000000306; };
000000000000000000000305 = { isa = PBXFileReference; lastKnownFileType = sourcecode.swift; path = Trellis/SessionIdentityView.swift; sourceTree = "<group>"; };
000000000000000000000405 = { isa = PBXBuildFile; fileRef = 000000000000000000000305; };
000000000000000000000304 = { isa = PBXFileReference; lastKnownFileType = sourcecode.swift; path = Trellis/SessionIdentity.swift; sourceTree = "<group>"; };
000000000000000000000404 = { isa = PBXBuildFile; fileRef = 000000000000000000000304; };
000000000000000000000303 = { isa = PBXFileReference; lastKnownFileType = sourcecode.swift; path = Trellis/WorkspaceAppearanceView.swift; sourceTree = "<group>"; };
000000000000000000000403 = { isa = PBXBuildFile; fileRef = 000000000000000000000303; };
000000000000000000000302 = { isa = PBXFileReference; lastKnownFileType = sourcecode.swift; path = Trellis/WorkspaceAppearance.swift; sourceTree = "<group>"; };
000000000000000000000402 = { isa = PBXBuildFile; fileRef = 000000000000000000000302; };
000000000000000000000301 = { isa = PBXFileReference; lastKnownFileType = sourcecode.swift; path = Trellis/SessionSwitcher.swift; sourceTree = "<group>"; };
000000000000000000000401 = { isa = PBXBuildFile; fileRef = 000000000000000000000301; };
000000000000000000000300 = { isa = PBXFileReference; lastKnownFileType = sourcecode.swift; path = Trellis/SessionOrganization.swift; sourceTree = "<group>"; };
000000000000000000000400 = { isa = PBXBuildFile; fileRef = 000000000000000000000300; };
000000000000000000000091 = { isa = PBXFileReference; lastKnownFileType = sourcecode.swift; path = Trellis/GhosttyImport.swift; sourceTree = "<group>"; };
000000000000000000000092 = { isa = PBXFileReference; lastKnownFileType = sourcecode.swift; path = Trellis/GhosttyImportView.swift; sourceTree = "<group>"; };
0000000000000000000000F5 = { isa = PBXBuildFile; fileRef = 000000000000000000000091; };
0000000000000000000000F6 = { isa = PBXBuildFile; fileRef = 000000000000000000000092; };
000000000000000000000090 = { isa = PBXFileReference; lastKnownFileType = sourcecode.swift; path = Trellis/AgentInstructions.swift; sourceTree = "<group>"; };
0000000000000000000000F4 = { isa = PBXBuildFile; fileRef = 000000000000000000000090; };
00000000000000000000008F = { isa = PBXFileReference; lastKnownFileType = sourcecode.swift; path = Trellis/ThemeState.swift; sourceTree = "<group>"; };
0000000000000000000000F3 = { isa = PBXBuildFile; fileRef = 00000000000000000000008F; };
00000000000000000000008E = { isa = PBXFileReference; lastKnownFileType = sourcecode.swift; path = Trellis/ThemeBrowser.swift; sourceTree = "<group>"; };
0000000000000000000000F2 = { isa = PBXBuildFile; fileRef = 00000000000000000000008E; };
00000000000000000000008D = { isa = PBXFileReference; lastKnownFileType = sourcecode.swift; path = Trellis/AppTheme.swift; sourceTree = "<group>"; };
0000000000000000000000F1 = { isa = PBXBuildFile; fileRef = 00000000000000000000008D; };
00000000000000000000008C = { isa = PBXFileReference; lastKnownFileType = sourcecode.swift; path = Trellis/SessionBrowser.swift; sourceTree = "<group>"; };
0000000000000000000000F0 = { isa = PBXBuildFile; fileRef = 00000000000000000000008C; };
00000000000000000000008B = { isa = PBXFileReference; lastKnownFileType = sourcecode.swift; path = Trellis/PersistentSessions.swift; sourceTree = "<group>"; };
0000000000000000000000EF = { isa = PBXBuildFile; fileRef = 00000000000000000000008B; };
00000000000000000000008A = { isa = PBXFileReference; lastKnownFileType = sourcecode.swift; path = Trellis/ShellIntegration.swift; sourceTree = "<group>"; };
0000000000000000000000EE = { isa = PBXBuildFile; fileRef = 00000000000000000000008A; };
000000000000000000000089 = { isa = PBXFileReference; lastKnownFileType = sourcecode.swift; path = Trellis/SessionGitView.swift; sourceTree = "<group>"; };
0000000000000000000000ED = { isa = PBXBuildFile; fileRef = 000000000000000000000089; };
000000000000000000000088 = { isa = PBXFileReference; lastKnownFileType = sourcecode.swift; path = Trellis/GitSnapshot.swift; sourceTree = "<group>"; };
0000000000000000000000EC = { isa = PBXBuildFile; fileRef = 000000000000000000000088; };
000000000000000000000087 = { isa = PBXFileReference; lastKnownFileType = sourcecode.swift; path = Trellis/ShellConfigurationView.swift; sourceTree = "<group>"; };
0000000000000000000000EB = { isa = PBXBuildFile; fileRef = 000000000000000000000087; };
000000000000000000000086 = { isa = PBXFileReference; lastKnownFileType = sourcecode.swift; path = Trellis/ShellConfiguration.swift; sourceTree = "<group>"; };
0000000000000000000000EA = { isa = PBXBuildFile; fileRef = 000000000000000000000086; };
000000000000000000000085 = { isa = PBXFileReference; lastKnownFileType = sourcecode.swift; path = Trellis/HarnessMenu.swift; sourceTree = "<group>"; };
0000000000000000000000E9 = { isa = PBXBuildFile; fileRef = 000000000000000000000085; };
000000000000000000000084 = { isa = PBXFileReference; lastKnownFileType = sourcecode.swift; path = Trellis/NativeAgentPanel.swift; sourceTree = "<group>"; };
0000000000000000000000E8 = { isa = PBXBuildFile; fileRef = 000000000000000000000084; };
000000000000000000000083 = { isa = PBXFileReference; lastKnownFileType = sourcecode.swift; path = Trellis/NativeAgentRuntime.swift; sourceTree = "<group>"; };
0000000000000000000000E7 = { isa = PBXBuildFile; fileRef = 000000000000000000000083; };
000000000000000000000082 = { isa = PBXFileReference; lastKnownFileType = sourcecode.swift; path = Trellis/NativeAgentTools.swift; sourceTree = "<group>"; };
0000000000000000000000E6 = { isa = PBXBuildFile; fileRef = 000000000000000000000082; };
000000000000000000000081 = { isa = PBXFileReference; lastKnownFileType = sourcecode.swift; path = Trellis/MultiplexerProfile.swift; sourceTree = "<group>"; };
0000000000000000000000E5 = { isa = PBXBuildFile; fileRef = 000000000000000000000081; };
000000000000000000000080 = { isa = PBXFileReference; lastKnownFileType = sourcecode.swift; path = Trellis/TerminalPreferencesView.swift; sourceTree = "<group>"; };
0000000000000000000000E4 = { isa = PBXBuildFile; fileRef = 000000000000000000000080; };
00000000000000000000007F = { isa = PBXFileReference; lastKnownFileType = sourcecode.swift; path = Trellis/TerminalPreferences.swift; sourceTree = "<group>"; };
0000000000000000000000E3 = { isa = PBXBuildFile; fileRef = 00000000000000000000007F; };
00000000000000000000007E = { isa = PBXFileReference; lastKnownFileType = sourcecode.swift; path = Trellis/CustomHarnessView.swift; sourceTree = "<group>"; };
0000000000000000000000E2 = { isa = PBXBuildFile; fileRef = 00000000000000000000007E; };
00000000000000000000007D = { isa = PBXFileReference; lastKnownFileType = sourcecode.swift; path = Trellis/CustomHarness.swift; sourceTree = "<group>"; };
0000000000000000000000E1 = { isa = PBXBuildFile; fileRef = 00000000000000000000007D; };
00000000000000000000007C = { isa = PBXFileReference; lastKnownFileType = sourcecode.swift; path = Trellis/PaneLayout.swift; sourceTree = "<group>"; };
0000000000000000000000E0 = { isa = PBXBuildFile; fileRef = 00000000000000000000007C; };
00000000000000000000007B = { isa = PBXFileReference; lastKnownFileType = sourcecode.swift; path = Trellis/QuickTaskView.swift; sourceTree = "<group>"; };
0000000000000000000000DF = { isa = PBXBuildFile; fileRef = 00000000000000000000007B; };
00000000000000000000007A = { isa = PBXFileReference; lastKnownFileType = sourcecode.swift; path = Trellis/HarnessIcon.swift; sourceTree = "<group>"; };
0000000000000000000000DE = { isa = PBXBuildFile; fileRef = 00000000000000000000007A; };
000000000000000000000079 = { isa = PBXFileReference; lastKnownFileType = sourcecode.swift; path = Trellis/AgentModelPicker.swift; sourceTree = "<group>"; };
0000000000000000000000DD = { isa = PBXBuildFile; fileRef = 000000000000000000000079; };
000000000000000000000078 = { isa = PBXFileReference; lastKnownFileType = sourcecode.swift; path = Trellis/AgentModelCatalog.swift; sourceTree = "<group>"; };
0000000000000000000000DC = { isa = PBXBuildFile; fileRef = 000000000000000000000078; };
000000000000000000000077 = { isa = PBXFileReference; lastKnownFileType = sourcecode.swift; path = Trellis/AccountSetup.swift; sourceTree = "<group>"; };
0000000000000000000000DB = { isa = PBXBuildFile; fileRef = 000000000000000000000077; };
000000000000000000000076 = { isa = PBXFileReference; lastKnownFileType = sourcecode.swift; path = Trellis/PlainTextEditor.swift; sourceTree = "<group>"; };
0000000000000000000000DA = { isa = PBXBuildFile; fileRef = 000000000000000000000076; };
000000000000000000000075 = { isa = PBXFileReference; lastKnownFileType = sourcecode.swift; path = Trellis/AppStorageLocation.swift; sourceTree = "<group>"; };
0000000000000000000000D9 = { isa = PBXBuildFile; fileRef = 000000000000000000000075; };
000000000000000000000074 = { isa = PBXFileReference; lastKnownFileType = sourcecode.swift; path = Trellis/AgentResume.swift; sourceTree = "<group>"; };
0000000000000000000000D8 = { isa = PBXBuildFile; fileRef = 000000000000000000000074; };
000000000000000000000073 = { isa = PBXFileReference; lastKnownFileType = sourcecode.swift; path = Trellis/SessionStatusView.swift; sourceTree = "<group>"; };
0000000000000000000000D7 = { isa = PBXBuildFile; fileRef = 000000000000000000000073; };
000000000000000000000072 = { isa = PBXFileReference; lastKnownFileType = sourcecode.swift; path = Trellis/TrellisIntents.swift; sourceTree = "<group>"; };
0000000000000000000000D6 = { isa = PBXBuildFile; fileRef = 000000000000000000000072; };
000000000000000000000071 = { isa = PBXFileReference; lastKnownFileType = sourcecode.swift; path = Trellis/DreamingPanel.swift; sourceTree = "<group>"; };
0000000000000000000000D5 = { isa = PBXBuildFile; fileRef = 000000000000000000000071; };
000000000000000000000070 = { isa = PBXFileReference; lastKnownFileType = sourcecode.swift; path = Trellis/DreamingScheduler.swift; sourceTree = "<group>"; };
0000000000000000000000D4 = { isa = PBXBuildFile; fileRef = 000000000000000000000070; };
00000000000000000000006F = {isa = PBXFileReference; lastKnownFileType = sourcecode.swift; path = Trellis/DreamingRun.swift; sourceTree = SOURCE_ROOT;};
0000000000000000000000D3 = {isa = PBXBuildFile; fileRef = 00000000000000000000006F;};
00000000000000000000006E = {isa = PBXFileReference; lastKnownFileType = sourcecode.swift; path = Trellis/RemoteSessionView.swift; sourceTree = SOURCE_ROOT;};
0000000000000000000000D2 = {isa = PBXBuildFile; fileRef = 00000000000000000000006E;};
00000000000000000000006D = {isa = PBXFileReference; lastKnownFileType = sourcecode.swift; path = Trellis/RemoteProfile.swift; sourceTree = SOURCE_ROOT;};
0000000000000000000000D1 = {isa = PBXBuildFile; fileRef = 00000000000000000000006D;};
00000000000000000000006C = {isa = PBXFileReference; lastKnownFileType = sourcecode.swift; path = Trellis/MemoryIntegration.swift; sourceTree = SOURCE_ROOT;};
0000000000000000000000D0 = {isa = PBXBuildFile; fileRef = 00000000000000000000006C;};
00000000000000000000006B = {isa = PBXFileReference; lastKnownFileType = sourcecode.swift; path = Trellis/LearningPanel.swift; sourceTree = SOURCE_ROOT;};
0000000000000000000000CF = {isa = PBXBuildFile; fileRef = 00000000000000000000006B;};
00000000000000000000006A = {isa = PBXFileReference; lastKnownFileType = sourcecode.swift; path = Trellis/CodexModelClient.swift; sourceTree = SOURCE_ROOT;};
0000000000000000000000CE = {isa = PBXBuildFile; fileRef = 00000000000000000000006A;};
000000000000000000000069 = {isa = PBXFileReference; lastKnownFileType = sourcecode.swift; path = Trellis/DirectModelClient.swift; sourceTree = SOURCE_ROOT;};
0000000000000000000000CD = {isa = PBXBuildFile; fileRef = 000000000000000000000069;};
000000000000000000000068 = {isa = PBXFileReference; lastKnownFileType = sourcecode.swift; path = Trellis/MemoryPanel.swift; sourceTree = SOURCE_ROOT;};
0000000000000000000000CC = {isa = PBXBuildFile; fileRef = 000000000000000000000068;};
000000000000000000000067 = {isa = PBXFileReference; lastKnownFileType = sourcecode.swift; path = Trellis/MemoryStore.swift; sourceTree = SOURCE_ROOT;};
0000000000000000000000CB = {isa = PBXBuildFile; fileRef = 000000000000000000000067;};
000000000000000000000066 = {isa = PBXFileReference; lastKnownFileType = sourcecode.swift; path = Trellis/AppSettings.swift; sourceTree = SOURCE_ROOT;};
0000000000000000000000CA = {isa = PBXBuildFile; fileRef = 000000000000000000000066;};
000000000000000000000065 = {isa = PBXFileReference; lastKnownFileType = sourcecode.swift; path = Trellis/NewSessionView.swift; sourceTree = SOURCE_ROOT;};
0000000000000000000000C9 = {isa = PBXBuildFile; fileRef = 000000000000000000000065;};
000000000000000000000064 = {isa = PBXFileReference; lastKnownFileType = sourcecode.swift; path = Trellis/WorkspaceArchive.swift; sourceTree = SOURCE_ROOT;};
0000000000000000000000C8 = {isa = PBXBuildFile; fileRef = 000000000000000000000064;};
000000000000000000000011 = {isa = PBXFileReference; lastKnownFileType = sourcecode.swift; path = Trellis/AgentInstallation.swift; sourceTree = SOURCE_ROOT;};
00000000000000000000001B = {isa = PBXBuildFile; fileRef = 000000000000000000000011;};
000000000000000000000010 = {isa = PBXFileReference; lastKnownFileType = sourcecode.swift; path = Trellis/LaunchProfile.swift; sourceTree = SOURCE_ROOT;};
00000000000000000000001A = {isa = PBXBuildFile; fileRef = 000000000000000000000010;};
00000000000000000000000F = {isa = PBXFileReference; lastKnownFileType = sourcecode.swift; path = Trellis/Workspace.swift; sourceTree = SOURCE_ROOT;};
000000000000000000000019 = {isa = PBXBuildFile; fileRef = 00000000000000000000000F;};
00000000000000000000000E = {isa = PBXFileReference; lastKnownFileType = sourcecode.swift; path = Trellis/SecureInputController.swift; sourceTree = SOURCE_ROOT;};
000000000000000000000018 = {isa = PBXBuildFile; fileRef = 00000000000000000000000E;};
00000000000000000000000D = {isa = PBXFileReference; lastKnownFileType = sourcecode.swift; path = Trellis/TerminalState.swift; sourceTree = SOURCE_ROOT;};
000000000000000000000017 = {isa = PBXBuildFile; fileRef = 00000000000000000000000D;};
00000000000000000000000A = { isa = PBXFileReference; lastKnownFileType = sourcecode.swift; path = Trellis/TrellisApp.swift; sourceTree = SOURCE_ROOT; };
000000000000000000000014 = { isa = PBXBuildFile; fileRef = 00000000000000000000000A; };
00000000000000000000000B = { isa = PBXFileReference; lastKnownFileType = sourcecode.swift; path = Trellis/TerminalRuntime.swift; sourceTree = SOURCE_ROOT; };
000000000000000000000015 = { isa = PBXBuildFile; fileRef = 00000000000000000000000B; };
00000000000000000000000C = { isa = PBXFileReference; lastKnownFileType = sourcecode.swift; path = Trellis/TerminalView.swift; sourceTree = SOURCE_ROOT; };
000000000000000000000016 = { isa = PBXBuildFile; fileRef = 00000000000000000000000C; };
000000000000000000000001 = { isa = PBXProject; attributes = { LastUpgradeCheck = 2700; }; buildConfigurationList = 00000000000000000000001E; compatibilityVersion = "Xcode 14.0"; developmentRegion = en; knownRegions = (en, Base); mainGroup = 000000000000000000000002; productRefGroup = 000000000000000000000003; projectDirPath = ""; projectRoot = ""; targets = (000000000000000000000004); };
000000000000000000000002 = { isa = PBXGroup; children = (000000000000000000000137, 000000000000000000000136, 000000000000000000000300, 000000000000000000000301, 000000000000000000000302, 000000000000000000000303, 000000000000000000000304, 000000000000000000000305, 000000000000000000000306, 000000000000000000000091, 000000000000000000000092, 000000000000000000000090, 00000000000000000000008F, 00000000000000000000008E, 00000000000000000000008D, 00000000000000000000008C, 00000000000000000000008B, 00000000000000000000008A, 000000000000000000000089, 000000000000000000000088, 000000000000000000000087, 000000000000000000000086, 000000000000000000000085, 000000000000000000000084, 000000000000000000000083, 000000000000000000000082, 000000000000000000000081, 000000000000000000000080, 00000000000000000000007F, 00000000000000000000007E, 00000000000000000000007D, 00000000000000000000007C, 00000000000000000000007B, 00000000000000000000007A, 000000000000000000000079, 000000000000000000000078, 000000000000000000000077, 000000000000000000000076, 000000000000000000000075, 000000000000000000000074, 000000000000000000000073, 000000000000000000000072, 000000000000000000000071, 000000000000000000000070, 00000000000000000000006F, 00000000000000000000006E, 00000000000000000000006D, 00000000000000000000006C, 00000000000000000000006B, 00000000000000000000006A, 000000000000000000000069, 000000000000000000000068, 000000000000000000000067, 000000000000000000000066, 000000000000000000000065, 000000000000000000000064, 00000000000000000000000A, 00000000000000000000000B, 00000000000000000000000C, 00000000000000000000000D, 00000000000000000000000E, 00000000000000000000000F, 000000000000000000000010, 000000000000000000000011, 000000000000000000000003); sourceTree = "<group>"; };
000000000000000000000003 = { isa = PBXGroup; children = (000000000000000000000005); name = Products; sourceTree = "<group>"; };
000000000000000000000004 = { isa = PBXNativeTarget; buildConfigurationList = 00000000000000000000001F; buildPhases = (000000000000000000000006, 000000000000000000000007); buildRules = (); dependencies = (); name = TrellisM0; productName = TrellisM0; productReference = 000000000000000000000005; productType = "com.apple.product-type.application"; };
000000000000000000000005 = { isa = PBXFileReference; explicitFileType = wrapper.application; includeInIndex = 0; path = TrellisM0.app; sourceTree = BUILT_PRODUCTS_DIR; };
000000000000000000000006 = { isa = PBXSourcesBuildPhase; buildActionMask = 2147483647; files = (00000000000000000000019B, 00000000000000000000019A, 000000000000000000000400, 000000000000000000000401, 000000000000000000000402, 000000000000000000000403, 000000000000000000000404, 000000000000000000000405, 000000000000000000000406, 0000000000000000000000F5, 0000000000000000000000F6, 0000000000000000000000F4, 0000000000000000000000F3, 0000000000000000000000F2, 0000000000000000000000F1, 0000000000000000000000F0, 0000000000000000000000EF, 0000000000000000000000EE, 0000000000000000000000ED, 0000000000000000000000EC, 0000000000000000000000EB, 0000000000000000000000EA, 0000000000000000000000E9, 0000000000000000000000E8, 0000000000000000000000E7, 0000000000000000000000E6, 0000000000000000000000E5, 0000000000000000000000E4, 0000000000000000000000E3, 0000000000000000000000E2, 0000000000000000000000E1, 0000000000000000000000E0, 0000000000000000000000DF, 0000000000000000000000DE, 0000000000000000000000DD, 0000000000000000000000DC, 0000000000000000000000DB, 0000000000000000000000DA, 0000000000000000000000D9, 0000000000000000000000D8, 0000000000000000000000D7, 0000000000000000000000D6, 0000000000000000000000D5, 0000000000000000000000D4, 0000000000000000000000D3, 0000000000000000000000D2, 0000000000000000000000D1, 0000000000000000000000D0, 0000000000000000000000CF, 0000000000000000000000CE, 0000000000000000000000CD, 0000000000000000000000CC, 0000000000000000000000CB, 0000000000000000000000CA, 0000000000000000000000C9, 0000000000000000000000C8, 000000000000000000000014, 000000000000000000000015, 000000000000000000000016, 000000000000000000000017, 000000000000000000000018, 000000000000000000000019, 00000000000000000000001A, 00000000000000000000001B); runOnlyForDeploymentPostprocessing = 0; };
000000000000000000000007 = { isa = PBXFrameworksBuildPhase; buildActionMask = 2147483647; files = (); runOnlyForDeploymentPostprocessing = 0; };
00000000000000000000001E = { isa = XCConfigurationList; buildConfigurations = (000000000000000000000028, 000000000000000000000032); defaultConfigurationIsVisible = 0; defaultConfigurationName = Debug; };
00000000000000000000001F = { isa = XCConfigurationList; buildConfigurations = (000000000000000000000029, 000000000000000000000033); defaultConfigurationIsVisible = 0; defaultConfigurationName = Debug; };
000000000000000000000028 = { isa = XCBuildConfiguration; name = Debug; buildSettings = { SDKROOT = macosx; MACOSX_DEPLOYMENT_TARGET = 27.0; SWIFT_VERSION = 6.0; SWIFT_STRICT_CONCURRENCY = complete; CLANG_ENABLE_MODULES = YES; }; };
000000000000000000000032 = { isa = XCBuildConfiguration; name = Release; buildSettings = { SDKROOT = macosx; MACOSX_DEPLOYMENT_TARGET = 27.0; SWIFT_VERSION = 6.0; SWIFT_STRICT_CONCURRENCY = complete; CLANG_ENABLE_MODULES = YES; }; };
000000000000000000000029 = { isa = XCBuildConfiguration; name = Debug; buildSettings = {
 PRODUCT_NAME = TrellisM0; PRODUCT_BUNDLE_IDENTIFIER = in.sammyk.trellis.m0;
 GENERATE_INFOPLIST_FILE = YES; INFOPLIST_KEY_LSApplicationCategoryType = "public.app-category.developer-tools";
 INFOPLIST_KEY_NSLocalNetworkUsageDescription = "Trellis connects to SSH hosts and model endpoints you select on your local network.";
 INFOPLIST_KEY_NSPrincipalClass = NSApplication; CURRENT_PROJECT_VERSION = 1; MARKETING_VERSION = 0.0.1;
 CODE_SIGN_IDENTITY = "-"; CODE_SIGN_STYLE = Manual; ENABLE_APP_SANDBOX = NO;
 HEADER_SEARCH_PATHS = "$(SRCROOT)/.build-support/ghostty/include";
 LIBRARY_SEARCH_PATHS = "$(SRCROOT)/.build-support/ghostty/macos/GhosttyKit.xcframework/macos-arm64";
 OTHER_LDFLAGS = ("-lghostty-fat", "-lc++", "-framework", Cocoa, "-framework", Metal, "-framework", QuartzCore, "-framework", Carbon, "-framework", CoreVideo, "-framework", IOKit);
 SWIFT_OPTIMIZATION_LEVEL = "-Onone";
 }; };
000000000000000000000033 = { isa = XCBuildConfiguration; name = Release; buildSettings = {
 PRODUCT_NAME = TrellisM0; PRODUCT_BUNDLE_IDENTIFIER = in.sammyk.trellis.m0;
 GENERATE_INFOPLIST_FILE = YES; INFOPLIST_KEY_LSApplicationCategoryType = "public.app-category.developer-tools";
 INFOPLIST_KEY_NSLocalNetworkUsageDescription = "Trellis connects to SSH hosts and model endpoints you select on your local network.";
 INFOPLIST_KEY_NSPrincipalClass = NSApplication; CURRENT_PROJECT_VERSION = 1; MARKETING_VERSION = 0.0.1;
 CODE_SIGN_IDENTITY = "-"; CODE_SIGN_STYLE = Manual; ENABLE_APP_SANDBOX = NO;
 HEADER_SEARCH_PATHS = "$(SRCROOT)/.build-support/ghostty/include";
 LIBRARY_SEARCH_PATHS = "$(SRCROOT)/.build-support/ghostty/macos/GhosttyKit.xcframework/macos-arm64";
 OTHER_LDFLAGS = ("-lghostty-fat", "-lc++", "-framework", Cocoa, "-framework", Metal, "-framework", QuartzCore, "-framework", Carbon, "-framework", CoreVideo, "-framework", IOKit);
 SWIFT_OPTIMIZATION_LEVEL = "-Onone";
 }; };
}; rootObject = 000000000000000000000001; }
